PODS:
  - ModuleArchitecture (0.16.0)
  - Nimble (8.0.2)
  - Quick (2.1.0)

DEPENDENCIES:
  - ModuleArchitecture (from `../`)
  - Nimble (~> 8.0)
  - Quick (~> 2.0)

SPEC REPOS:
  https://github.com/cocoapods/specs.git:
    - Nimble
    - Quick

EXTERNAL SOURCES:
  ModuleArchitecture:
    :path: "../"

SPEC CHECKSUMS:
  ModuleArchitecture: 4f837ffd141f0088e738d1f18c243b812e21693f
  Nimble: 622629381bda1dd5678162f21f1368cec7cbba60
  Quick: 4be43f6634acfa727dd106bdf3929ce125ffa79d

PODFILE CHECKSUM: e39515ecfbc10f05f5d49618ccf8c867f6caa134

COCOAPODS: 1.6.1
