PODS:
  - ModuleArchitecture (0.15.0)
  - Nimble (7.3.4)
  - Quick (1.3.4)

DEPENDENCIES:
  - ModuleArchitecture (from `../`)
  - Nimble (~> 7.0)
  - Quick (~> 1.2)

SPEC REPOS:
  https://github.com/cocoapods/specs.git:
    - Nimble
    - Quick

EXTERNAL SOURCES:
  ModuleArchitecture:
    :path: "../"

SPEC CHECKSUMS:
  ModuleArchitecture: c8761e68b6a330bf1d0ef99b82dbf7b9eb5d26cd
  Nimble: 051e3d8912d40138fa5591c78594f95fb172af37
  Quick: f4f7f063c524394c73ed93ac70983c609805d481

PODFILE CHECKSUM: 6c49acca69f501dbaa609c88de01a0a265bb95ed

COCOAPODS: 1.6.0
